
Microsoft Visual Studio Solution File, Format Version 12.00
# Visual Studio Version 16
VisualStudioVersion = 25.0.1705.0
MinimumVisualStudioVersion = 10.0.40219.1
Project("{FAE04EC0-301F-11D3-BF4B-00C04F79EFBC}") = "TASMod", "TASMod\TASMod.csproj", "{4BE5B256-EC66-4D76-8E23-169EBDC5EE20}"
EndProject
Global
	GlobalSection(SolutionConfigurationPlatforms) = preSolution
		Debug|Any CPU = Debug|Any CPU
		Release|Any CPU = Release|Any CPU
	EndGlobalSection
	GlobalSection(ProjectConfigurationPlatforms) = postSolution
		{4BE5B256-EC66-4D76-8E23-169EBDC5EE20}.Debug|Any CPU.ActiveCfg = Debug|Any CPU
		{4BE5B256-EC66-4D76-8E23-169EBDC5EE20}.Debug|Any CPU.Build.0 = Debug|Any CPU
		{4BE5B256-EC66-4D76-8E23-169EBDC5EE20}.Release|Any CPU.ActiveCfg = Release|Any CPU
		{4BE5B256-EC66-4D76-8E23-169EBDC5EE20}.Release|Any CPU.Build.0 = Release|Any CPU
	EndGlobalSection
	GlobalSection(SolutionProperties) = preSolution
		HideSolutionNode = FALSE
	EndGlobalSection
	GlobalSection(ExtensibilityGlobals) = postSolution
		SolutionGuid = {E5C36B64-DAF2-4C65-BE98-4D74956524CC}
	EndGlobalSection
EndGlobal
